github.com/andybalholm/brotli v1.2.2 h1:HzTuoo2ErYQqf5qvcJInB8uvqSVxRttzkFexPWtnceM=
github.com/andybalholm/brotli v1.2.2/go.mod h1:rzTDkvFWvIrjDXZHkuS16NPggd91W3kUSvPlQ1pLaKY=
github.com/gabriel-vasile/mimetype v1.4.13 h1:46nXokslUBsAJE/wMsp5gtO500a4F3Nkz9Ufpk2AcUM=
github.com/gabriel-vasile/mimetype v1.4.13/go.mod h1:d+9Oxyo1wTzWdyVUPMmXFvp4F9tea18J8ufA774AB3s=
github.com/go-playground/locales v0.14.1 h1:EWaQ/wswjilfKLTECiXz7Rh+3BjFhfDFKv/oXslEjJA=
github.com/go-playground/locales v0.14.1/go.mod h1:hxrqLVvrK65+Rwrd5Fc6F2O76J/NuW9t0sjnWqG1slY=
github.com/go-playground/universal-translator v0.18.1 h1:Bcnm0ZwsGyWbCzImXv+pAJnYK9S473LQFuzCbDbfSFY=
github.com/go-playground/universal-translator v0.18.1/go.mod h1:xekY+UJKNuX9WP91TpwSH2VMlDf28Uj24BCp08ZFTUY=
github.com/go-playground/validator/v10 v10.30.3 h1:4MU6YkEwx7GbcPJOZxrtbu+QfF3pJLJuaYTeAH0DYy8=
github.com/go-playground/validator/v10 v10.30.3/go.mod h1:4Axh7oCNGcoGkqLoE4YWt6n20mcEIsPRlB7vPk3lpyc=
github.com/go-viper/mapstructure/v2 v2.5.0 h1:vM5IJoUAy3d7zRSVtIwQgBj7BiWtMPfmPEgAXnvj1Ro=
github.com/go-viper/mapstructure/v2 v2.5.0/go.mod h1:oJDH3BJKyqBA2TXFhDsKDGDTlndYOZ6rGS0BRZIxGhM=
github.com/golang-jwt/jwt/v5 v5.3.1 h1:kYf81DTWFe7t+1VvL7eS+jKFVWaUnK9cB1qbwn63YCY=
github.com/golang-jwt/jwt/v5 v5.3.1/go.mod h1:fxCRLWMO43lRc8nhHWY6LGqRcf+1gQWArsqaEUEa5bE=
github.com/klauspost/compress v1.19.1 h1:VsB4HPswih7mmZ8WleSFQ75c/Ui1M4trX5oAsJnhSlk=
github.com/klauspost/compress v1.19.1/go.mod h1:cwPg85FWrGar70rWktvGQj8/hthj3wpl0PGDogxkrSQ=
github.com/leodido/go-urn v1.4.0 h1:WT9HwE9SGECu3lg4d/dIA+jxlljEa1/ffXKmRjqdmIQ=
github.com/leodido/go-urn v1.4.0/go.mod h1:bvxc+MVxLKB4z00jd1z+Dvzr47oO32F/QSNjSBOlFxI=
github.com/minio/pkg/v3 v3.11.0 h1:WjzWGP7lyuupJgUSRim1RDtNujHtESyMQF7qSR4r5Dg=
github.com/minio/pkg/v3 v3.11.0/go.mod h1:gBNHbob7QUCu/5nOtkAEEpN6diu1o1lwFpEnzU35s9U=
github.com/nguoihanoi/golang_shared/libs/crypto v0.0.0-20260731095415-8ae46e09c8cf h1:FEXMvwO1ONcEe0wO/0oefj/9mRhF9/etpwbmK4o2Gbw=
github.com/nguoihanoi/golang_shared/libs/crypto v0.0.0-20260731095415-8ae46e09c8cf/go.mod h1:gghUNpZvckQOW6gJ3D/cvBt0YnSKBMkANIm1CwFLBsI=
github.com/nguoihanoi/golang_shared/libs/process v0.0.0-20260727103103-eab92e6e930e h1:5VyWIBDf819eE77rVkxtPMnQouyScv5Oh8uAyz11q1A=
github.com/nguoihanoi/golang_shared/libs/process v0.0.0-20260727103103-eab92e6e930e/go.mod h1:u8m/pOkVEnozantr7T/xc9lAfD2/AzzdZI9oPJBhqws=
github.com/nguoihanoi/golang_shared/libs/utilities v0.0.0-20260731095415-8ae46e09c8cf h1:0ekIowqHJlHg4+GIOMkDF/zC0BeGfz+4D9zarrLe524=
github.com/nguoihanoi/golang_shared/libs/utilities v0.0.0-20260731095415-8ae46e09c8cf/go.mod h1:1WvId84bBKngJGPZ8e4tsson3InEOoUiIJBHCFGBm+8=
github.com/valyala/bytebufferpool v1.0.0 h1:GqA5TC/0021Y/b9FG4Oi9Mr3q7XYx6KllzawFIhcdPw=
github.com/valyala/bytebufferpool v1.0.0/go.mod h1:6bBcMArwyJ5K/AmCkWv1jt77kVWyCJ6HpOuEn7z0Csc=
github.com/valyala/fasthttp v1.73.0 h1:ocTOORnBWtJ+P8t/6wAjdkchMzdfHmWx2VD/DPbgZ7s=
github.com/valyala/fasthttp v1.73.0/go.mod h1:EtXQDHaR+5P18p8wqDRFpUhxr108Ga9mXvVJXHRrN2k=
golang.org/x/crypto v0.54.0 h1:YLIA59K4fiNzHzjnZt2tUJQjQtUWfWbeHBqKtk3eScw=
golang.org/x/crypto v0.54.0/go.mod h1:KWL8ny2AZdGR2cWmzeHrp2azQPGogOv+HeQaVEXC2dk=
golang.org/x/sys v0.47.0 h1:o7XGOvZQCADBQQ4Y7VNq2dRWQR7JmOUW8Kxx4ZsNgWs=
golang.org/x/sys v0.47.0/go.mod h1:4GL1E5IUh+htKOUEOaiffhrAeqysfVGipDYzABqnCmw=
golang.org/x/text v0.40.0 h1:Ub2Z6/xjgF1WrYQz2nuITOEegKFtiIy+rieRJ5lHZKs=
golang.org/x/text v0.40.0/go.mod h1:hpnzDAfGV753zIKo+wk3u1bVKCGPbrnF7+7LBF/UHVY=
